// !$*UTF8*$!
{
	archiveVersion = 1;
	classes = {
	};
	objectVersion = 60;
	objects = {

/* Begin PBXBuildFile section */
		CB27EC282D5138C4004AD45F /* DIContainer in Frameworks */ = {isa = PBXBuildFile; productRef = CB27EC272D5138C4004AD45F /* DIContainer */; };
		CB2948202C0C4C2400F408B2 /* DIContainerExampleTests.swift in Sources */ = {isa = PBXBuildFile; fileRef = CB29481F2C0C4C2400F408B2 /* DIContainerExampleTests.swift */; };
		CB5D7F7A2C0C48E300AA61C0 /* AppDelegate.swift in Sources */ = {isa = PBXBuildFile; fileRef = CB5D7F792C0C48E300AA61C0 /* AppDelegate.swift */; };
		CB5D7F7C2C0C48E300AA61C0 /* SceneDelegate.swift in Sources */ = {isa = PBXBuildFile; fileRef = CB5D7F7B2C0C48E300AA61C0 /* SceneDelegate.swift */; };
		CB5D7F7E2C0C48E300AA61C0 /* ViewController.swift in Sources */ = {isa = PBXBuildFile; fileRef = CB5D7F7D2C0C48E300AA61C0 /* ViewController.swift */; };
		CB5D7F812C0C48E300AA61C0 /* Base in Resources */ = {isa = PBXBuildFile; fileRef = CB5D7F802C0C48E300AA61C0 /* Base */; };
		CB5D7F832C0C48E400AA61C0 /* Assets.xcassets in Resources */ = {isa = PBXBuildFile; fileRef = CB5D7F822C0C48E400AA61C0 /* Assets.xcassets */; };
		CB5D7F862C0C48E400AA61C0 /* Base in Resources */ = {isa = PBXBuildFile; fileRef = CB5D7F852C0C48E400AA61C0 /* Base */; };
		CB5D7F952C0C495D00AA61C0 /* FooModuleFactory.swift in Sources */ = {isa = PBXBuildFile; fileRef = CB5D7F942C0C495D00AA61C0 /* FooModuleFactory.swift */; };
		CB5D7F9B2C0C4A3700AA61C0 /* FooService.swift in Sources */ = {isa = PBXBuildFile; fileRef = CB5D7F9A2C0C4A3700AA61C0 /* FooService.swift */; };
		CB5D7F9D2C0C4A5100AA61C0 /* FooServiceImpl.swift in Sources */ = {isa = PBXBuildFile; fileRef = CB5D7F9C2C0C4A5100AA61C0 /* FooServiceImpl.swift */; };
		CB5D7FA42C0C4B0100AA61C0 /* BazModuleFactory.swift in Sources */ = {isa = PBXBuildFile; fileRef = CB5D7FA32C0C4A7500AA61C0 /* BazModuleFactory.swift */; };
		CB5D7FA52C0C4B0100AA61C0 /* BarService.swift in Sources */ = {isa = PBXBuildFile; fileRef = CB5D7FA02C0C4A7400AA61C0 /* BarService.swift */; };
		CB5D7FA62C0C4B0100AA61C0 /* BazService.swift in Sources */ = {isa = PBXBuildFile; fileRef = CB5D7FA22C0C4A7500AA61C0 /* BazService.swift */; };
		CB5D7FA72C0C4B0100AA61C0 /* BarModuleFactory.swift in Sources */ = {isa = PBXBuildFile; fileRef = CB5D7F9E2C0C4A7300AA61C0 /* BarModuleFactory.swift */; };
		CB5D7FA82C0C4B0100AA61C0 /* BazServiceImpl.swift in Sources */ = {isa = PBXBuildFile; fileRef = CB5D7FA12C0C4A7500AA61C0 /* BazServiceImpl.swift */; };
		CB5D7FA92C0C4B0100AA61C0 /* BarServiceImpl.swift in Sources */ = {isa = PBXBuildFile; fileRef = CB5D7F9F2C0C4A7300AA61C0 /* BarServiceImpl.swift */; };
		CB5D7FAB2C0C4B9B00AA61C0 /* RegisterContainer.swift in Sources */ = {isa = PBXBuildFile; fileRef = CB5D7FAA2C0C4B9B00AA61C0 /* RegisterContainer.swift */; };
/* End PBXBuildFile section */

/* Begin PBXContainerItemProxy section */
		CB2948212C0C4C2400F408B2 /* PBXContainerItemProxy */ = {
			isa = PBXContainerItemProxy;
			containerPortal = CB5D7F6E2C0C48E300AA61C0 /* Project object */;
			proxyType = 1;
			remoteGlobalIDString = CB5D7F752C0C48E300AA61C0;
			remoteInfo = DIContainerExample;
		};
/* End PBXContainerItemProxy section */

/* Begin PBXFileReference section */
		CB29481D2C0C4C2400F408B2 /* DIContainerExampleTests.xctest */ = {isa = PBXFileReference; explicitFileType = wrapper.cfbundle; includeInIndex = 0; path = DIContainerExampleTests.xctest; sourceTree = BUILT_PRODUCTS_DIR; };
		CB29481F2C0C4C2400F408B2 /* DIContainerExampleTests.swift */ = {isa = PBXFileReference; lastKnownFileType = sourcecode.swift; path = DIContainerExampleTests.swift; sourceTree = "<group>"; };
		CB5D7F762C0C48E300AA61C0 /* DIContainerExample.app */ = {isa = PBXFileReference; explicitFileType = wrapper.application; includeInIndex = 0; path = DIContainerExample.app; sourceTree = BUILT_PRODUCTS_DIR; };
		CB5D7F792C0C48E300AA61C0 /* AppDelegate.swift */ = {isa = PBXFileReference; lastKnownFileType = sourcecode.swift; path = AppDelegate.swift; sourceTree = "<group>"; };
		CB5D7F7B2C0C48E300AA61C0 /* SceneDelegate.swift */ = {isa = PBXFileReference; lastKnownFileType = sourcecode.swift; path = SceneDelegate.swift; sourceTree = "<group>"; };
		CB5D7F7D2C0C48E300AA61C0 /* ViewController.swift */ = {isa = PBXFileReference; lastKnownFileType = sourcecode.swift; path = ViewController.swift; sourceTree = "<group>"; };
		CB5D7F802C0C48E300AA61C0 /* Base */ = {isa = PBXFileReference; lastKnownFileType = file.storyboard; name = Base; path = Base.lproj/Main.storyboard; sourceTree = "<group>"; };
		CB5D7F822C0C48E400AA61C0 /* Assets.xcassets */ = {isa = PBXFileReference; lastKnownFileType = folder.assetcatalog; path = Assets.xcassets; sourceTree = "<group>"; };
		CB5D7F852C0C48E400AA61C0 /* Base */ = {isa = PBXFileReference; lastKnownFileType = file.storyboard; name = Base; path = Base.lproj/LaunchScreen.storyboard; sourceTree = "<group>"; };
		CB5D7F872C0C48E400AA61C0 /* Info.plist */ = {isa = PBXFileReference; lastKnownFileType = text.plist.xml; path = Info.plist; sourceTree = "<group>"; };
		CB5D7F942C0C495D00AA61C0 /* FooModuleFactory.swift */ = {isa = PBXFileReference; lastKnownFileType = sourcecode.swift; path = FooModuleFactory.swift; sourceTree = "<group>"; };
		CB5D7F9A2C0C4A3700AA61C0 /* FooService.swift */ = {isa = PBXFileReference; lastKnownFileType = sourcecode.swift; path = FooService.swift; sourceTree = "<group>"; };
		CB5D7F9C2C0C4A5100AA61C0 /* FooServiceImpl.swift */ = {isa = PBXFileReference; lastKnownFileType = sourcecode.swift; path = FooServiceImpl.swift; sourceTree = "<group>"; };
		CB5D7F9E2C0C4A7300AA61C0 /* BarModuleFactory.swift */ = {isa = PBXFileReference; lastKnownFileType = sourcecode.swift; path = BarModuleFactory.swift; sourceTree = "<group>"; };
		CB5D7F9F2C0C4A7300AA61C0 /* BarServiceImpl.swift */ = {isa = PBXFileReference; lastKnownFileType = sourcecode.swift; path = BarServiceImpl.swift; sourceTree = "<group>"; };
		CB5D7FA02C0C4A7400AA61C0 /* BarService.swift */ = {isa = PBXFileReference; lastKnownFileType = sourcecode.swift; path = BarService.swift; sourceTree = "<group>"; };
		CB5D7FA12C0C4A7500AA61C0 /* BazServiceImpl.swift */ = {isa = PBXFileReference; lastKnownFileType = sourcecode.swift; path = BazServiceImpl.swift; sourceTree = "<group>"; };
		CB5D7FA22C0C4A7500AA61C0 /* BazService.swift */ = {isa = PBXFileReference; lastKnownFileType = sourcecode.swift; path = BazService.swift; sourceTree = "<group>"; };
		CB5D7FA32C0C4A7500AA61C0 /* BazModuleFactory.swift */ = {isa = PBXFileReference; lastKnownFileType = sourcecode.swift; path = BazModuleFactory.swift; sourceTree = "<group>"; };
		CB5D7FAA2C0C4B9B00AA61C0 /* RegisterContainer.swift */ = {isa = PBXFileReference; lastKnownFileType = sourcecode.swift; path = RegisterContainer.swift; sourceTree = "<group>"; };
/* End PBXFileReference section */

/* Begin PBXFrameworksBuildPhase section */
		CB29481A2C0C4C2400F408B2 /* Frameworks */ = {
			isa = PBXFrameworksBuildPhase;
			buildActionMask = 2147483647;
			files = (
			);
			runOnlyForDeploymentPostprocessing = 0;
		};
		CB5D7F732C0C48E300AA61C0 /* Frameworks */ = {
			isa = PBXFrameworksBuildPhase;
			buildActionMask = 2147483647;
			files = (
				CB27EC282D5138C4004AD45F /* DIContainer in Frameworks */,
			);
			runOnlyForDeploymentPostprocessing = 0;
		};
/* End PBXFrameworksBuildPhase section */

/* Begin PBXGroup section */
		CB29481E2C0C4C2400F408B2 /* DIContainerExampleTests */ = {
			isa = PBXGroup;
			children = (
				CB29481F2C0C4C2400F408B2 /* DIContainerExampleTests.swift */,
			);
			path = DIContainerExampleTests;
			sourceTree = "<group>";
		};
		CB5D7F6D2C0C48E300AA61C0 = {
			isa = PBXGroup;
			children = (
				CB5D7F782C0C48E300AA61C0 /* DIContainerExample */,
				CB29481E2C0C4C2400F408B2 /* DIContainerExampleTests */,
				CB5D7F772C0C48E300AA61C0 /* Products */,
			);
			sourceTree = "<group>";
		};
		CB5D7F772C0C48E300AA61C0 /* Products */ = {
			isa = PBXGroup;
			children = (
				CB5D7F762C0C48E300AA61C0 /* DIContainerExample.app */,
				CB29481D2C0C4C2400F408B2 /* DIContainerExampleTests.xctest */,
			);
			name = Products;
			sourceTree = "<group>";
		};
		CB5D7F782C0C48E300AA61C0 /* DIContainerExample */ = {
			isa = PBXGroup;
			children = (
				CB5D7F902C0C490F00AA61C0 /* Module */,
				CB5D7F792C0C48E300AA61C0 /* AppDelegate.swift */,
				CB5D7FAA2C0C4B9B00AA61C0 /* RegisterContainer.swift */,
				CB5D7F7B2C0C48E300AA61C0 /* SceneDelegate.swift */,
				CB5D7F7D2C0C48E300AA61C0 /* ViewController.swift */,
				CB5D7F7F2C0C48E300AA61C0 /* Main.storyboard */,
				CB5D7F822C0C48E400AA61C0 /* Assets.xcassets */,
				CB5D7F842C0C48E400AA61C0 /* LaunchScreen.storyboard */,
				CB5D7F872C0C48E400AA61C0 /* Info.plist */,
			);
			path = DIContainerExample;
			sourceTree = "<group>";
		};
		CB5D7F902C0C490F00AA61C0 /* Module */ = {
			isa = PBXGroup;
			children = (
				CB5D7F932C0C493800AA61C0 /* Baz */,
				CB5D7F922C0C493300AA61C0 /* Bar */,
				CB5D7F912C0C491D00AA61C0 /* Foo */,
			);
			path = Module;
			sourceTree = "<group>";
		};
		CB5D7F912C0C491D00AA61C0 /* Foo */ = {
			isa = PBXGroup;
			children = (
				CB5D7F942C0C495D00AA61C0 /* FooModuleFactory.swift */,
				CB5D7F9A2C0C4A3700AA61C0 /* FooService.swift */,
				CB5D7F9C2C0C4A5100AA61C0 /* FooServiceImpl.swift */,
			);
			path = Foo;
			sourceTree = "<group>";
		};
		CB5D7F922C0C493300AA61C0 /* Bar */ = {
			isa = PBXGroup;
			children = (
				CB5D7F9E2C0C4A7300AA61C0 /* BarModuleFactory.swift */,
				CB5D7FA02C0C4A7400AA61C0 /* BarService.swift */,
				CB5D7F9F2C0C4A7300AA61C0 /* BarServiceImpl.swift */,
			);
			path = Bar;
			sourceTree = "<group>";
		};
		CB5D7F932C0C493800AA61C0 /* Baz */ = {
			isa = PBXGroup;
			children = (
				CB5D7FA32C0C4A7500AA61C0 /* BazModuleFactory.swift */,
				CB5D7FA22C0C4A7500AA61C0 /* BazService.swift */,
				CB5D7FA12C0C4A7500AA61C0 /* BazServiceImpl.swift */,
			);
			path = Baz;
			sourceTree = "<group>";
		};
/* End PBXGroup section */

/* Begin PBXNativeTarget section */
		CB29481C2C0C4C2400F408B2 /* DIContainerExampleTests */ = {
			isa = PBXNativeTarget;
			buildConfigurationList = CB2948252C0C4C2400F408B2 /* Build configuration list for PBXNativeTarget "DIContainerExampleTests" */;
			buildPhases = (
				CB2948192C0C4C2400F408B2 /* Sources */,
				CB29481A2C0C4C2400F408B2 /* Frameworks */,
				CB29481B2C0C4C2400F408B2 /* Resources */,
			);
			buildRules = (
			);
			dependencies = (
				CB2948222C0C4C2400F408B2 /* PBXTargetDependency */,
			);
			name = DIContainerExampleTests;
			productName = DIContainerExampleTests;
			productReference = CB29481D2C0C4C2400F408B2 /* DIContainerExampleTests.xctest */;
			productType = "com.apple.product-type.bundle.unit-test";
		};
		CB5D7F752C0C48E300AA61C0 /* DIContainerExample */ = {
			isa = PBXNativeTarget;
			buildConfigurationList = CB5D7F8A2C0C48E400AA61C0 /* Build configuration list for PBXNativeTarget "DIContainerExample" */;
			buildPhases = (
				CB5D7F722C0C48E300AA61C0 /* Sources */,
				CB5D7F732C0C48E300AA61C0 /* Frameworks */,
				CB5D7F742C0C48E300AA61C0 /* Resources */,
			);
			buildRules = (
			);
			dependencies = (
			);
			name = DIContainerExample;
			packageProductDependencies = (
				CB27EC272D5138C4004AD45F /* DIContainer */,
			);
			productName = DIContainerExample;
			productReference = CB5D7F762C0C48E300AA61C0 /* DIContainerExample.app */;
			productType = "com.apple.product-type.application";
		};
/* End PBXNativeTarget section */

/* Begin PBXProject section */
		CB5D7F6E2C0C48E300AA61C0 /* Project object */ = {
			isa = PBXProject;
			attributes = {
				BuildIndependentTargetsInParallel = 1;
				LastSwiftUpdateCheck = 1530;
				LastUpgradeCheck = 1530;
				TargetAttributes = {
					CB29481C2C0C4C2400F408B2 = {
						CreatedOnToolsVersion = 15.3;
						TestTargetID = CB5D7F752C0C48E300AA61C0;
					};
					CB5D7F752C0C48E300AA61C0 = {
						CreatedOnToolsVersion = 15.3;
					};
				};
			};
			buildConfigurationList = CB5D7F712C0C48E300AA61C0 /* Build configuration list for PBXProject "DIContainerExample" */;
			compatibilityVersion = "Xcode 14.0";
			developmentRegion = en;
			hasScannedForEncodings = 0;
			knownRegions = (
				en,
				Base,
			);
			mainGroup = CB5D7F6D2C0C48E300AA61C0;
			packageReferences = (
				CB27EC262D5138C4004AD45F /* XCLocalSwiftPackageReference "../../DIContainer" */,
			);
			productRefGroup = CB5D7F772C0C48E300AA61C0 /* Products */;
			projectDirPath = "";
			projectRoot = "";
			targets = (
				CB5D7F752C0C48E300AA61C0 /* DIContainerExample */,
				CB29481C2C0C4C2400F408B2 /* DIContainerExampleTests */,
			);
		};
/* End PBXProject section */

/* Begin PBXResourcesBuildPhase section */
		CB29481B2C0C4C2400F408B2 /* Resources */ = {
			isa = PBXResourcesBuildPhase;
			buildActionMask = 2147483647;
			files = (
			);
			runOnlyForDeploymentPostprocessing = 0;
		};
		CB5D7F742C0C48E300AA61C0 /* Resources */ = {
			isa = PBXResourcesBuildPhase;
			buildActionMask = 2147483647;
			files = (
				CB5D7F832C0C48E400AA61C0 /* Assets.xcassets in Resources */,
				CB5D7F862C0C48E400AA61C0 /* Base in Resources */,
				CB5D7F812C0C48E300AA61C0 /* Base in Resources */,
			);
			runOnlyForDeploymentPostprocessing = 0;
		};
/* End PBXResourcesBuildPhase section */

/* Begin PBXSourcesBuildPhase section */
		CB2948192C0C4C2400F408B2 /* Sources */ = {
			isa = PBXSourcesBuildPhase;
			buildActionMask = 2147483647;
			files = (
				CB2948202C0C4C2400F408B2 /* DIContainerExampleTests.swift in Sources */,
			);
			runOnlyForDeploymentPostprocessing = 0;
		};
		CB5D7F722C0C48E300AA61C0 /* Sources */ = {
			isa = PBXSourcesBuildPhase;
			buildActionMask = 2147483647;
			files = (
				CB5D7F9D2C0C4A5100AA61C0 /* FooServiceImpl.swift in Sources */,
				CB5D7FAB2C0C4B9B00AA61C0 /* RegisterContainer.swift in Sources */,
				CB5D7F952C0C495D00AA61C0 /* FooModuleFactory.swift in Sources */,
				CB5D7F7E2C0C48E300AA61C0 /* ViewController.swift in Sources */,
				CB5D7F7A2C0C48E300AA61C0 /* AppDelegate.swift in Sources */,
				CB5D7FA42C0C4B0100AA61C0 /* BazModuleFactory.swift in Sources */,
				CB5D7FA52C0C4B0100AA61C0 /* BarService.swift in Sources */,
				CB5D7FA62C0C4B0100AA61C0 /* BazService.swift in Sources */,
				CB5D7FA72C0C4B0100AA61C0 /* BarModuleFactory.swift in Sources */,
				CB5D7FA82C0C4B0100AA61C0 /* BazServiceImpl.swift in Sources */,
				CB5D7FA92C0C4B0100AA61C0 /* BarServiceImpl.swift in Sources */,
				CB5D7F7C2C0C48E300AA61C0 /* SceneDelegate.swift in Sources */,
				CB5D7F9B2C0C4A3700AA61C0 /* FooService.swift in Sources */,
			);
			runOnlyForDeploymentPostprocessing = 0;
		};
/* End PBXSourcesBuildPhase section */

/* Begin PBXTargetDependency section */
		CB2948222C0C4C2400F408B2 /* PBXTargetDependency */ = {
			isa = PBXTargetDependency;
			target = CB5D7F752C0C48E300AA61C0 /* DIContainerExample */;
			targetProxy = CB2948212C0C4C2400F408B2 /* PBXContainerItemProxy */;
		};
/* End PBXTargetDependency section */

/* Begin PBXVariantGroup section */
		CB5D7F7F2C0C48E300AA61C0 /* Main.storyboard */ = {
			isa = PBXVariantGroup;
			children = (
				CB5D7F802C0C48E300AA61C0 /* Base */,
			);
			name = Main.storyboard;
			sourceTree = "<group>";
		};
		CB5D7F842C0C48E400AA61C0 /* LaunchScreen.storyboard */ = {
			isa = PBXVariantGroup;
			children = (
				CB5D7F852C0C48E400AA61C0 /* Base */,
			);
			name = LaunchScreen.storyboard;
			sourceTree = "<group>";
		};
/* End PBXVariantGroup section */

/* Begin XCBuildConfiguration section */
		CB2948232C0C4C2400F408B2 /* Debug */ = {
			isa = XCBuildConfiguration;
			buildSettings = {
				BUNDLE_LOADER = "$(TEST_HOST)";
				CODE_SIGN_STYLE = Automatic;
				CURRENT_PROJECT_VERSION = 1;
				DEVELOPMENT_TEAM = 6794ZU679A;
				GENERATE_INFOPLIST_FILE = YES;
				IPHONEOS_DEPLOYMENT_TARGET = 13.0;
				MARKETING_VERSION = 1.0;
				PRODUCT_BUNDLE_IDENTIFIER = kr.minsone.DIContainerExampleTests;
				PRODUCT_NAME = "$(TARGET_NAME)";
				SWIFT_EMIT_LOC_STRINGS = NO;
				SWIFT_VERSION = 5.0;
				TARGETED_DEVICE_FAMILY = "1,2";
				TEST_HOST = "$(BUILT_PRODUCTS_DIR)/DIContainerExample.app/$(BUNDLE_EXECUTABLE_FOLDER_PATH)/DIContainerExample";
			};
			name = Debug;
		};
		CB2948242C0C4C2400F408B2 /* Release */ = {
			isa = XCBuildConfiguration;
			buildSettings = {
				BUNDLE_LOADER = "$(TEST_HOST)";
				CODE_SIGN_STYLE = Automatic;
				CURRENT_PROJECT_VERSION = 1;
				DEVELOPMENT_TEAM = 6794ZU679A;
				GENERATE_INFOPLIST_FILE = YES;
				IPHONEOS_DEPLOYMENT_TARGET = 13.0;
				MARKETING_VERSION = 1.0;
				PRODUCT_BUNDLE_IDENTIFIER = kr.minsone.DIContainerExampleTests;
				PRODUCT_NAME = "$(TARGET_NAME)";
				SWIFT_EMIT_LOC_STRINGS = NO;
				SWIFT_VERSION = 5.0;
				TARGETED_DEVICE_FAMILY = "1,2";
				TEST_HOST = "$(BUILT_PRODUCTS_DIR)/DIContainerExample.app/$(BUNDLE_EXECUTABLE_FOLDER_PATH)/DIContainerExample";
			};
			name = Release;
		};
		CB5D7F882C0C48E400AA61C0 /* Debug */ = {
			isa = XCBuildConfiguration;
			buildSettings = {
				ALWAYS_SEARCH_USER_PATHS = NO;
				ASSETCATALOG_COMPILER_GENERATE_SWIFT_ASSET_SYMBOL_EXTENSIONS = YES;
				CLANG_ANALYZER_NONNULL = YES;
				CLANG_ANALYZER_NUMBER_OBJECT_CONVERSION = YES_AGGRESSIVE;
				CLANG_CXX_LANGUAGE_STANDARD = "gnu++20";
				CLANG_ENABLE_MODULES = YES;
				CLANG_ENABLE_OBJC_ARC = YES;
				CLANG_ENABLE_OBJC_WEAK = YES;
				CLANG_WARN_BLOCK_CAPTURE_AUTORELEASING = YES;
				CLANG_WARN_BOOL_CONVERSION = YES;
				CLANG_WARN_COMMA = YES;
				CLANG_WARN_CONSTANT_CONVERSION = YES;
				CLANG_WARN_DEPRECATED_OBJC_IMPLEMENTATIONS = YES;
				CLANG_WARN_DIRECT_OBJC_ISA_USAGE = YES_ERROR;
				CLANG_WARN_DOCUMENTATION_COMMENTS = YES;
				CLANG_WARN_EMPTY_BODY = YES;
				CLANG_WARN_ENUM_CONVERSION = YES;
				CLANG_WARN_INFINITE_RECURSION = YES;
				CLANG_WARN_INT_CONVERSION = YES;
				CLANG_WARN_NON_LITERAL_NULL_CONVERSION = YES;
				CLANG_WARN_OBJC_IMPLICIT_RETAIN_SELF = YES;
				CLANG_WARN_OBJC_LITERAL_CONVERSION = YES;
				CLANG_WARN_OBJC_ROOT_CLASS = YES_ERROR;
				CLANG_WARN_QUOTED_INCLUDE_IN_FRAMEWORK_HEADER = YES;
				CLANG_WARN_RANGE_LOOP_ANALYSIS = YES;
				CLANG_WARN_STRICT_PROTOTYPES = YES;
				CLANG_WARN_SUSPICIOUS_MOVE = YES;
				CLANG_WARN_UNGUARDED_AVAILABILITY = YES_AGGRESSIVE;
				CLANG_WARN_UNREACHABLE_CODE = YES;
				CLANG_WARN__DUPLICATE_METHOD_MATCH = YES;
				COPY_PHASE_STRIP = NO;
				DEBUG_INFORMATION_FORMAT = dwarf;
				ENABLE_STRICT_OBJC_MSGSEND = YES;
				ENABLE_TESTABILITY = YES;
				ENABLE_USER_SCRIPT_SANDBOXING = YES;
				GCC_C_LANGUAGE_STANDARD = gnu17;
				GCC_DYNAMIC_NO_PIC = NO;
				GCC_NO_COMMON_BLOCKS = YES;
				GCC_OPTIMIZATION_LEVEL = 0;
				GCC_PREPROCESSOR_DEFINITIONS = (
					"DEBUG=1",
					"$(inherited)",
				);
				GCC_WARN_64_TO_32_BIT_CONVERSION = YES;
				GCC_WARN_ABOUT_RETURN_TYPE = YES_ERROR;
				GCC_WARN_UNDECLARED_SELECTOR = YES;
				GCC_WARN_UNINITIALIZED_AUTOS = YES_AGGRESSIVE;
				GCC_WARN_UNUSED_FUNCTION = YES;
				GCC_WARN_UNUSED_VARIABLE = YES;
				IPHONEOS_DEPLOYMENT_TARGET = 13.0;
				LOCALIZATION_PREFERS_STRING_CATALOGS = YES;
				MTL_ENABLE_DEBUG_INFO = INCLUDE_SOURCE;
				MTL_FAST_MATH = YES;
				ONLY_ACTIVE_ARCH = YES;
				SDKROOT = iphoneos;
				SWIFT_ACTIVE_COMPILATION_CONDITIONS = "DEBUG $(inherited)";
				SWIFT_OPTIMIZATION_LEVEL = "-Onone";
			};
			name = Debug;
		};
		CB5D7F892C0C48E400AA61C0 /* Release */ = {
			isa = XCBuildConfiguration;
			buildSettings = {
				ALWAYS_SEARCH_USER_PATHS = NO;
				ASSETCATALOG_COMPILER_GENERATE_SWIFT_ASSET_SYMBOL_EXTENSIONS = YES;
				CLANG_ANALYZER_NONNULL = YES;
				CLANG_ANALYZER_NUMBER_OBJECT_CONVERSION = YES_AGGRESSIVE;
				CLANG_CXX_LANGUAGE_STANDARD = "gnu++20";
				CLANG_ENABLE_MODULES = YES;
				CLANG_ENABLE_OBJC_ARC = YES;
				CLANG_ENABLE_OBJC_WEAK = YES;
				CLANG_WARN_BLOCK_CAPTURE_AUTORELEASING = YES;
				CLANG_WARN_BOOL_CONVERSION = YES;
				CLANG_WARN_COMMA = YES;
				CLANG_WARN_CONSTANT_CONVERSION = YES;
				CLANG_WARN_DEPRECATED_OBJC_IMPLEMENTATIONS = YES;
				CLANG_WARN_DIRECT_OBJC_ISA_USAGE = YES_ERROR;
				CLANG_WARN_DOCUMENTATION_COMMENTS = YES;
				CLANG_WARN_EMPTY_BODY = YES;
				CLANG_WARN_ENUM_CONVERSION = YES;
				CLANG_WARN_INFINITE_RECURSION = YES;
				CLANG_WARN_INT_CONVERSION = YES;
				CLANG_WARN_NON_LITERAL_NULL_CONVERSION = YES;
				CLANG_WARN_OBJC_IMPLICIT_RETAIN_SELF = YES;
				CLANG_WARN_OBJC_LITERAL_CONVERSION = YES;
				CLANG_WARN_OBJC_ROOT_CLASS = YES_ERROR;
				CLANG_WARN_QUOTED_INCLUDE_IN_FRAMEWORK_HEADER = YES;
				CLANG_WARN_RANGE_LOOP_ANALYSIS = YES;
				CLANG_WARN_STRICT_PROTOTYPES = YES;
				CLANG_WARN_SUSPICIOUS_MOVE = YES;
				CLANG_WARN_UNGUARDED_AVAILABILITY = YES_AGGRESSIVE;
				CLANG_WARN_UNREACHABLE_CODE = YES;
				CLANG_WARN__DUPLICATE_METHOD_MATCH = YES;
				COPY_PHASE_STRIP = NO;
				DEBUG_INFORMATION_FORMAT = "dwarf-with-dsym";
				ENABLE_NS_ASSERTIONS = NO;
				ENABLE_STRICT_OBJC_MSGSEND = YES;
				ENABLE_USER_SCRIPT_SANDBOXING = YES;
				GCC_C_LANGUAGE_STANDARD = gnu17;
				GCC_NO_COMMON_BLOCKS = YES;
				GCC_WARN_64_TO_32_BIT_CONVERSION = YES;
				GCC_WARN_ABOUT_RETURN_TYPE = YES_ERROR;
				GCC_WARN_UNDECLARED_SELECTOR = YES;
				GCC_WARN_UNINITIALIZED_AUTOS = YES_AGGRESSIVE;
				GCC_WARN_UNUSED_FUNCTION = YES;
				GCC_WARN_UNUSED_VARIABLE = YES;
				IPHONEOS_DEPLOYMENT_TARGET = 13.0;
				LOCALIZATION_PREFERS_STRING_CATALOGS = YES;
				MTL_ENABLE_DEBUG_INFO = NO;
				MTL_FAST_MATH = YES;
				SDKROOT = iphoneos;
				SWIFT_COMPILATION_MODE = wholemodule;
				VALIDATE_PRODUCT = YES;
			};
			name = Release;
		};
		CB5D7F8B2C0C48E400AA61C0 /* Debug */ = {
			isa = XCBuildConfiguration;
			buildSettings = {
				ASSETCATALOG_COMPILER_APPICON_NAME = AppIcon;
				ASSETCATALOG_COMPILER_GLOBAL_ACCENT_COLOR_NAME = AccentColor;
				CODE_SIGN_STYLE = Automatic;
				CURRENT_PROJECT_VERSION = 1;
				DEVELOPMENT_TEAM = 6794ZU679A;
				GENERATE_INFOPLIST_FILE = YES;
				INFOPLIST_FILE = DIContainerExample/Info.plist;
				INFOPLIST_KEY_UIApplicationSupportsIndirectInputEvents = YES;
				INFOPLIST_KEY_UILaunchStoryboardName = LaunchScreen;
				INFOPLIST_KEY_UIMainStoryboardFile = Main;
				INFOPLIST_KEY_UISupportedInterfaceOrientations_iPad = "UIInterfaceOrientationPortrait UIInterfaceOrientationPortraitUpsideDown UIInterfaceOrientationLandscapeLeft UIInterfaceOrientationLandscapeRight";
				INFOPLIST_KEY_UISupportedInterfaceOrientations_iPhone = "UIInterfaceOrientationPortrait UIInterfaceOrientationLandscapeLeft UIInterfaceOrientationLandscapeRight";
				LD_RUNPATH_SEARCH_PATHS = (
					"$(inherited)",
					"@executable_path/Frameworks",
				);
				MARKETING_VERSION = 1.0;
				PRODUCT_BUNDLE_IDENTIFIER = kr.minsone.DIContainerExample;
				PRODUCT_NAME = "$(TARGET_NAME)";
				SWIFT_EMIT_LOC_STRINGS = YES;
				SWIFT_VERSION = 5.0;
				TARGETED_DEVICE_FAMILY = "1,2";
			};
			name = Debug;
		};
		CB5D7F8C2C0C48E400AA61C0 /* Release */ = {
			isa = XCBuildConfiguration;
			buildSettings = {
				ASSETCATALOG_COMPILER_APPICON_NAME = AppIcon;
				ASSETCATALOG_COMPILER_GLOBAL_ACCENT_COLOR_NAME = AccentColor;
				CODE_SIGN_STYLE = Automatic;
				CURRENT_PROJECT_VERSION = 1;
				DEVELOPMENT_TEAM = 6794ZU679A;
				GENERATE_INFOPLIST_FILE = YES;
				INFOPLIST_FILE = DIContainerExample/Info.plist;
				INFOPLIST_KEY_UIApplicationSupportsIndirectInputEvents = YES;
				INFOPLIST_KEY_UILaunchStoryboardName = LaunchScreen;
				INFOPLIST_KEY_UIMainStoryboardFile = Main;
				INFOPLIST_KEY_UISupportedInterfaceOrientations_iPad = "UIInterfaceOrientationPortrait UIInterfaceOrientationPortraitUpsideDown UIInterfaceOrientationLandscapeLeft UIInterfaceOrientationLandscapeRight";
				INFOPLIST_KEY_UISupportedInterfaceOrientations_iPhone = "UIInterfaceOrientationPortrait UIInterfaceOrientationLandscapeLeft UIInterfaceOrientationLandscapeRight";
				LD_RUNPATH_SEARCH_PATHS = (
					"$(inherited)",
					"@executable_path/Frameworks",
				);
				MARKETING_VERSION = 1.0;
				PRODUCT_BUNDLE_IDENTIFIER = kr.minsone.DIContainerExample;
				PRODUCT_NAME = "$(TARGET_NAME)";
				SWIFT_EMIT_LOC_STRINGS = YES;
				SWIFT_VERSION = 5.0;
				TARGETED_DEVICE_FAMILY = "1,2";
			};
			name = Release;
		};
/* End XCBuildConfiguration section */

/* Begin XCConfigurationList section */
		CB2948252C0C4C2400F408B2 /* Build configuration list for PBXNativeTarget "DIContainerExampleTests" */ = {
			isa = XCConfigurationList;
			buildConfigurations = (
				CB2948232C0C4C2400F408B2 /* Debug */,
				CB2948242C0C4C2400F408B2 /* Release */,
			);
			defaultConfigurationIsVisible = 0;
			defaultConfigurationName = Release;
		};
		CB5D7F712C0C48E300AA61C0 /* Build configuration list for PBXProject "DIContainerExample" */ = {
			isa = XCConfigurationList;
			buildConfigurations = (
				CB5D7F882C0C48E400AA61C0 /* Debug */,
				CB5D7F892C0C48E400AA61C0 /* Release */,
			);
			defaultConfigurationIsVisible = 0;
			defaultConfigurationName = Release;
		};
		CB5D7F8A2C0C48E400AA61C0 /* Build configuration list for PBXNativeTarget "DIContainerExample" */ = {
			isa = XCConfigurationList;
			buildConfigurations = (
				CB5D7F8B2C0C48E400AA61C0 /* Debug */,
				CB5D7F8C2C0C48E400AA61C0 /* Release */,
			);
			defaultConfigurationIsVisible = 0;
			defaultConfigurationName = Release;
		};
/* End XCConfigurationList section */

/* Begin XCLocalSwiftPackageReference section */
		CB27EC262D5138C4004AD45F /* XCLocalSwiftPackageReference "../../DIContainer" */ = {
			isa = XCLocalSwiftPackageReference;
			relativePath = ../../DIContainer;
		};
/* End XCLocalSwiftPackageReference section */

/* Begin XCSwiftPackageProductDependency section */
		CB27EC272D5138C4004AD45F /* DIContainer */ = {
			isa = XCSwiftPackageProductDependency;
			productName = DIContainer;
		};
/* End XCSwiftPackageProductDependency section */
	};
	rootObject = CB5D7F6E2C0C48E300AA61C0 /* Project object */;
}
