{
  "originHash" : "eb0978a6dccbcd5797186f0e4b2805cbbb815368f48e65aeb7a9a7a66a9768b2",
  "pins" : [
    {
      "identity" : "dicontainer",
      "kind" : "remoteSourceControl",
      "location" : "https://github.com/minsOne/DIContainer",
      "state" : {
        "revision" : "69b31c95a4cbf883ea50b0a2b1f7f458e08a24b2",
        "version" : "1.3.3"
      }
    }
  ],
  "version" : 3
}
